
Microsoft Visual Studio Solution File, Format Version 12.00
# Visual Studio 14
VisualStudioVersion = 14.0.23107.0
MinimumVisualStudioVersion = 10.0.40219.1
Project("{2150E333-8FDC-42A3-9474-1A3956D46DE8}") = "src", "src", "{64E1CFF9-C7B5-429B-8A44-D954AFADF1DA}"
EndProject
Project("{2150E333-8FDC-42A3-9474-1A3956D46DE8}") = "Solution Items", "Solution Items", "{0C06869A-AA74-45E7-8EAB-C0759507F5D6}"
	ProjectSection(SolutionItems) = preProject
		global.json = global.json
	EndProjectSection
EndProject
Project("{FAE04EC0-301F-11D3-BF4B-00C04F79EFBC}") = "ClassLibrary1", "ClassLibrary1\ClassLibrary1.csproj", "{B2477287-13B9-478D-A56E-4303D30AE0F4}"
EndProject
Global
	GlobalSection(SolutionConfigurationPlatforms) = preSolution
		Debug|Any CPU = Debug|Any CPU
		Release|Any CPU = Release|Any CPU
	EndGlobalSection
	GlobalSection(ProjectConfigurationPlatforms) = postSolution
		{B2477287-13B9-478D-A56E-4303D30AE0F4}.Debug|Any CPU.ActiveCfg = Debug|Any CPU
		{B2477287-13B9-478D-A56E-4303D30AE0F4}.Debug|Any CPU.Build.0 = Debug|Any CPU
		{B2477287-13B9-478D-A56E-4303D30AE0F4}.Release|Any CPU.ActiveCfg = Release|Any CPU
		{B2477287-13B9-478D-A56E-4303D30AE0F4}.Release|Any CPU.Build.0 = Release|Any CPU
	EndGlobalSection
	GlobalSection(SolutionProperties) = preSolution
		HideSolutionNode = FALSE
	EndGlobalSection
	GlobalSection(NestedProjects) = preSolution
		{B2477287-13B9-478D-A56E-4303D30AE0F4} = {64E1CFF9-C7B5-429B-8A44-D954AFADF1DA}
	EndGlobalSection
EndGlobal
